// !$*UTF8*$!
{
	archiveVersion = 1;
	classes = {
	};
	objectVersion = 55;
	objects = {

/* Begin PBXBuildFile section */
		094FB60F7A5EF6E1728B1C42 /* AppLovinQualityService.xcframework in AppLovinQualityService Embed Framework */ = {isa = PBXBuildFile; fileRef = A826BBB0E25CB5B2062042A0 /* AppLovinQualityService.xcframework */; settings = {ATTRIBUTES = (CodeSignOnCopy, RemoveHeadersOnCopy, ); }; };
		4842E462B92F047E6118A3D7 /* AppLovinQualityService.xcframework in Frameworks */ = {isa = PBXBuildFile; fileRef = A826BBB0E25CB5B2062042A0 /* AppLovinQualityService.xcframework */; };
		B402791028506B38000FF140 /* AppDelegate.swift in Sources */ = {isa = PBXBuildFile; fileRef = B402790F28506B38000FF140 /* AppDelegate.swift */; };
		B402791228506B38000FF140 /* SceneDelegate.swift in Sources */ = {isa = PBXBuildFile; fileRef = B402791128506B38000FF140 /* SceneDelegate.swift */; };
		B402791428506B38000FF140 /* ViewController.swift in Sources */ = {isa = PBXBuildFile; fileRef = B402791328506B38000FF140 /* ViewController.swift */; };
		B402791728506B38000FF140 /* Main.storyboard in Resources */ = {isa = PBXBuildFile; fileRef = B402791528506B38000FF140 /* Main.storyboard */; };
		B402791A28506B38000FF140 /* testMaxSDK.xcdatamodeld in Sources */ = {isa = PBXBuildFile; fileRef = B402791828506B38000FF140 /* testMaxSDK.xcdatamodeld */; };
		B402791C28506B38000FF140 /* Assets.xcassets in Resources */ = {isa = PBXBuildFile; fileRef = B402791B28506B38000FF140 /* Assets.xcassets */; };
		B402791F28506B38000FF140 /* LaunchScreen.storyboard in Resources */ = {isa = PBXBuildFile; fileRef = B402791D28506B38000FF140 /* LaunchScreen.storyboard */; };
		B402792A28506B38000FF140 /* testMaxSDKTests.swift in Sources */ = {isa = PBXBuildFile; fileRef = B402792928506B38000FF140 /* testMaxSDKTests.swift */; };
		B402793428506B38000FF140 /* testMaxSDKUITests.swift in Sources */ = {isa = PBXBuildFile; fileRef = B402793328506B38000FF140 /* testMaxSDKUITests.swift */; };
		B402793628506B38000FF140 /* testMaxSDKUITestsLaunchTests.swift in Sources */ = {isa = PBXBuildFile; fileRef = B402793528506B38000FF140 /* testMaxSDKUITestsLaunchTests.swift */; };
		B402794A2851D19B000FF140 /* AppLovinSDKResources.bundle in Resources */ = {isa = PBXBuildFile; fileRef = B40279492851D19B000FF140 /* AppLovinSDKResources.bundle */; };
		B40279722851D402000FF140 /* libz.1.2.8.tbd in Frameworks */ = {isa = PBXBuildFile; fileRef = B402796C2851D402000FF140 /* libz.1.2.8.tbd */; };
		B40279732851D402000FF140 /* libz.1.2.11.tbd in Frameworks */ = {isa = PBXBuildFile; fileRef = B402796D2851D402000FF140 /* libz.1.2.11.tbd */; };
		B40279742851D402000FF140 /* libz.1.1.3.tbd in Frameworks */ = {isa = PBXBuildFile; fileRef = B402796E2851D402000FF140 /* libz.1.1.3.tbd */; };
		B40279752851D402000FF140 /* libz.1.tbd in Frameworks */ = {isa = PBXBuildFile; fileRef = B402796F2851D402000FF140 /* libz.1.tbd */; };
		B40279762851D402000FF140 /* libz.tbd in Frameworks */ = {isa = PBXBuildFile; fileRef = B40279702851D402000FF140 /* libz.tbd */; };
		B40279772851D402000FF140 /* libz.1.2.5.tbd in Frameworks */ = {isa = PBXBuildFile; fileRef = B40279712851D402000FF140 /* libz.1.2.5.tbd */; };
		B40279782851D4A7000FF140 /* AdSupport.framework in Frameworks */ = {isa = PBXBuildFile; fileRef = B402794C2851D34B000FF140 /* AdSupport.framework */; };
		B402797B2851D4A8000FF140 /* AppLovinSDK.xcframework in Frameworks */ = {isa = PBXBuildFile; fileRef = B40279472851D177000FF140 /* AppLovinSDK.xcframework */; };
		B402797D2851D4AA000FF140 /* AppTrackingTransparency.framework in Frameworks */ = {isa = PBXBuildFile; fileRef = B402794E2851D354000FF140 /* AppTrackingTransparency.framework */; };
		B402797F2851D4AE000FF140 /* AudioToolbox.framework in Frameworks */ = {isa = PBXBuildFile; fileRef = B40279502851D35D000FF140 /* AudioToolbox.framework */; };
		B40279812851D4AF000FF140 /* AVFoundation.framework in Frameworks */ = {isa = PBXBuildFile; fileRef = B40279522851D364000FF140 /* AVFoundation.framework */; };
		B40279832851D4B0000FF140 /* CoreGraphics.framework in Frameworks */ = {isa = PBXBuildFile; fileRef = B40279542851D36E000FF140 /* CoreGraphics.framework */; };
		B40279852851D4B2000FF140 /* CoreMedia.framework in Frameworks */ = {isa = PBXBuildFile; fileRef = B40279562851D375000FF140 /* CoreMedia.framework */; };
		B40279872851D4B3000FF140 /* CoreMotion.framework in Frameworks */ = {isa = PBXBuildFile; fileRef = B40279582851D37C000FF140 /* CoreMotion.framework */; };
		B40279892851D4B5000FF140 /* CoreTelephony.framework in Frameworks */ = {isa = PBXBuildFile; fileRef = B402795A2851D383000FF140 /* CoreTelephony.framework */; };
		B402798B2851D4B8000FF140 /* Foundation.framework in Frameworks */ = {isa = PBXBuildFile; fileRef = B402795C2851D38C000FF140 /* Foundation.framework */; };
		B402798D2851D4B9000FF140 /* MessageUI.framework in Frameworks */ = {isa = PBXBuildFile; fileRef = B402795E2851D394000FF140 /* MessageUI.framework */; };
		B402798F2851D4BB000FF140 /* SafariServices.framework in Frameworks */ = {isa = PBXBuildFile; fileRef = B40279602851D3BD000FF140 /* SafariServices.framework */; };
		B40279912851D4BC000FF140 /* StoreKit.framework in Frameworks */ = {isa = PBXBuildFile; fileRef = B40279622851D3D0000FF140 /* StoreKit.framework */; };
		B40279952851D4BE000FF140 /* SystemConfiguration.framework in Frameworks */ = {isa = PBXBuildFile; fileRef = B40279662851D3D7000FF140 /* SystemConfiguration.framework */; };
		B40279972851D4C1000FF140 /* UIKit.framework in Frameworks */ = {isa = PBXBuildFile; fileRef = B40279682851D3DD000FF140 /* UIKit.framework */; };
		B40279992851D4C3000FF140 /* WebKit.framework in Frameworks */ = {isa = PBXBuildFile; fileRef = B402796A2851D3E3000FF140 /* WebKit.framework */; };
/* End PBXBuildFile section */

/* Begin PBXContainerItemProxy section */
		B402792628506B38000FF140 /* PBXContainerItemProxy */ = {
			isa = PBXContainerItemProxy;
			containerPortal = B402790428506B38000FF140 /* Project object */;
			proxyType = 1;
			remoteGlobalIDString = B402790B28506B38000FF140;
			remoteInfo = testMaxSDK;
		};
		B402793028506B38000FF140 /* PBXContainerItemProxy */ = {
			isa = PBXContainerItemProxy;
			containerPortal = B402790428506B38000FF140 /* Project object */;
			proxyType = 1;
			remoteGlobalIDString = B402790B28506B38000FF140;
			remoteInfo = testMaxSDK;
		};
/* End PBXContainerItemProxy section */

/* Begin PBXCopyFilesBuildPhase section */
		B13ED846EF02186A593F0008 /* AppLovinQualityService Embed Framework */ = {
			isa = PBXCopyFilesBuildPhase;
			buildActionMask = 2147483647;
			dstPath = "";
			dstSubfolderSpec = 10;
			files = (
				094FB60F7A5EF6E1728B1C42 /* AppLovinQualityService.xcframework in AppLovinQualityService Embed Framework */,
			);
			name = "AppLovinQualityService Embed Framework";
			runOnlyForDeploymentPostprocessing = 0;
		};
/* End PBXCopyFilesBuildPhase section */

/* Begin PBXFileReference section */
		A826BBB0E25CB5B2062042A0 /* AppLovinQualityService.xcframework */ = {isa = PBXFileReference; includeInIndex = 1; lastKnownFileType = wrapper.xcframework; name = AppLovinQualityService.xcframework; path = AppLovinQualityService/AppLovinQualityService.xcframework; sourceTree = "<group>"; };
		B402790C28506B38000FF140 /* testMaxSDK.app */ = {isa = PBXFileReference; explicitFileType = wrapper.application; includeInIndex = 0; path = testMaxSDK.app; sourceTree = BUILT_PRODUCTS_DIR; };
		B402790F28506B38000FF140 /* AppDelegate.swift */ = {isa = PBXFileReference; lastKnownFileType = sourcecode.swift; path = AppDelegate.swift; sourceTree = "<group>"; };
		B402791128506B38000FF140 /* SceneDelegate.swift */ = {isa = PBXFileReference; lastKnownFileType = sourcecode.swift; path = SceneDelegate.swift; sourceTree = "<group>"; };
		B402791328506B38000FF140 /* ViewController.swift */ = {isa = PBXFileReference; lastKnownFileType = sourcecode.swift; path = ViewController.swift; sourceTree = "<group>"; };
		B402791628506B38000FF140 /* Base */ = {isa = PBXFileReference; lastKnownFileType = file.storyboard; name = Base; path = Base.lproj/Main.storyboard; sourceTree = "<group>"; };
		B402791928506B38000FF140 /* testMaxSDK.xcdatamodel */ = {isa = PBXFileReference; lastKnownFileType = wrapper.xcdatamodel; path = testMaxSDK.xcdatamodel; sourceTree = "<group>"; };
		B402791B28506B38000FF140 /* Assets.xcassets */ = {isa = PBXFileReference; lastKnownFileType = folder.assetcatalog; path = Assets.xcassets; sourceTree = "<group>"; };
		B402791E28506B38000FF140 /* Base */ = {isa = PBXFileReference; lastKnownFileType = file.storyboard; name = Base; path = Base.lproj/LaunchScreen.storyboard; sourceTree = "<group>"; };
		B402792028506B38000FF140 /* Info.plist */ = {isa = PBXFileReference; lastKnownFileType = text.plist.xml; path = Info.plist; sourceTree = "<group>"; };
		B402792528506B38000FF140 /* testMaxSDKTests.xctest */ = {isa = PBXFileReference; explicitFileType = wrapper.cfbundle; includeInIndex = 0; path = testMaxSDKTests.xctest; sourceTree = BUILT_PRODUCTS_DIR; };
		B402792928506B38000FF140 /* testMaxSDKTests.swift */ = {isa = PBXFileReference; lastKnownFileType = sourcecode.swift; path = testMaxSDKTests.swift; sourceTree = "<group>"; };
		B402792F28506B38000FF140 /* testMaxSDKUITests.xctest */ = {isa = PBXFileReference; explicitFileType = wrapper.cfbundle; includeInIndex = 0; path = testMaxSDKUITests.xctest; sourceTree = BUILT_PRODUCTS_DIR; };
		B402793328506B38000FF140 /* testMaxSDKUITests.swift */ = {isa = PBXFileReference; lastKnownFileType = sourcecode.swift; path = testMaxSDKUITests.swift; sourceTree = "<group>"; };
		B402793528506B38000FF140 /* testMaxSDKUITestsLaunchTests.swift */ = {isa = PBXFileReference; lastKnownFileType = sourcecode.swift; path = testMaxSDKUITestsLaunchTests.swift; sourceTree = "<group>"; };
		B40279472851D177000FF140 /* AppLovinSDK.xcframework */ = {isa = PBXFileReference; lastKnownFileType = wrapper.xcframework; path = AppLovinSDK.xcframework; sourceTree = "<group>"; };
		B40279492851D19B000FF140 /* AppLovinSDKResources.bundle */ = {isa = PBXFileReference; lastKnownFileType = "wrapper.plug-in"; path = AppLovinSDKResources.bundle; sourceTree = "<group>"; };
		B402794C2851D34B000FF140 /* AdSupport.framework */ = {isa = PBXFileReference; lastKnownFileType = wrapper.framework; name = AdSupport.framework; path = System/Library/Frameworks/AdSupport.framework; sourceTree = SDKROOT; };
		B402794E2851D354000FF140 /* AppTrackingTransparency.framework */ = {isa = PBXFileReference; lastKnownFileType = wrapper.framework; name = AppTrackingTransparency.framework; path = System/Library/Frameworks/AppTrackingTransparency.framework; sourceTree = SDKROOT; };
		B40279502851D35D000FF140 /* AudioToolbox.framework */ = {isa = PBXFileReference; lastKnownFileType = wrapper.framework; name = AudioToolbox.framework; path = System/Library/Frameworks/AudioToolbox.framework; sourceTree = SDKROOT; };
		B40279522851D364000FF140 /* AVFoundation.framework */ = {isa = PBXFileReference; lastKnownFileType = wrapper.framework; name = AVFoundation.framework; path = System/Library/Frameworks/AVFoundation.framework; sourceTree = SDKROOT; };
		B40279542851D36E000FF140 /* CoreGraphics.framework */ = {isa = PBXFileReference; lastKnownFileType = wrapper.framework; name = CoreGraphics.framework; path = System/Library/Frameworks/CoreGraphics.framework; sourceTree = SDKROOT; };
		B40279562851D375000FF140 /* CoreMedia.framework */ = {isa = PBXFileReference; lastKnownFileType = wrapper.framework; name = CoreMedia.framework; path = System/Library/Frameworks/CoreMedia.framework; sourceTree = SDKROOT; };
		B40279582851D37C000FF140 /* CoreMotion.framework */ = {isa = PBXFileReference; lastKnownFileType = wrapper.framework; name = CoreMotion.framework; path = System/Library/Frameworks/CoreMotion.framework; sourceTree = SDKROOT; };
		B402795A2851D383000FF140 /* CoreTelephony.framework */ = {isa = PBXFileReference; lastKnownFileType = wrapper.framework; name = CoreTelephony.framework; path = System/Library/Frameworks/CoreTelephony.framework; sourceTree = SDKROOT; };
		B402795C2851D38C000FF140 /* Foundation.framework */ = {isa = PBXFileReference; lastKnownFileType = wrapper.framework; name = Foundation.framework; path = System/Library/Frameworks/Foundation.framework; sourceTree = SDKROOT; };
		B402795E2851D394000FF140 /* MessageUI.framework */ = {isa = PBXFileReference; lastKnownFileType = wrapper.framework; name = MessageUI.framework; path = System/Library/Frameworks/MessageUI.framework; sourceTree = SDKROOT; };
		B40279602851D3BD000FF140 /* SafariServices.framework */ = {isa = PBXFileReference; lastKnownFileType = wrapper.framework; name = SafariServices.framework; path = System/Library/Frameworks/SafariServices.framework; sourceTree = SDKROOT; };
		B40279622851D3D0000FF140 /* StoreKit.framework */ = {isa = PBXFileReference; lastKnownFileType = wrapper.framework; name = StoreKit.framework; path = System/Library/Frameworks/StoreKit.framework; sourceTree = SDKROOT; };
		B40279632851D3D0000FF140 /* StoreKitTest.framework */ = {isa = PBXFileReference; lastKnownFileType = wrapper.framework; name = StoreKitTest.framework; path = Platforms/iPhoneOS.platform/Developer/Library/Frameworks/StoreKitTest.framework; sourceTree = DEVELOPER_DIR; };
		B40279662851D3D7000FF140 /* SystemConfiguration.framework */ = {isa = PBXFileReference; lastKnownFileType = wrapper.framework; name = SystemConfiguration.framework; path = System/Library/Frameworks/SystemConfiguration.framework; sourceTree = SDKROOT; };
		B40279682851D3DD000FF140 /* UIKit.framework */ = {isa = PBXFileReference; lastKnownFileType = wrapper.framework; name = UIKit.framework; path = System/Library/Frameworks/UIKit.framework; sourceTree = SDKROOT; };
		B402796A2851D3E3000FF140 /* WebKit.framework */ = {isa = PBXFileReference; lastKnownFileType = wrapper.framework; name = WebKit.framework; path = System/Library/Frameworks/WebKit.framework; sourceTree = SDKROOT; };
		B402796C2851D402000FF140 /* libz.1.2.8.tbd */ = {isa = PBXFileReference; lastKnownFileType = "sourcecode.text-based-dylib-definition"; name = libz.1.2.8.tbd; path = usr/lib/libz.1.2.8.tbd; sourceTree = SDKROOT; };
		B402796D2851D402000FF140 /* libz.1.2.11.tbd */ = {isa = PBXFileReference; lastKnownFileType = "sourcecode.text-based-dylib-definition"; name = libz.1.2.11.tbd; path = usr/lib/libz.1.2.11.tbd; sourceTree = SDKROOT; };
		B402796E2851D402000FF140 /* libz.1.1.3.tbd */ = {isa = PBXFileReference; lastKnownFileType = "sourcecode.text-based-dylib-definition"; name = libz.1.1.3.tbd; path = usr/lib/libz.1.1.3.tbd; sourceTree = SDKROOT; };
		B402796F2851D402000FF140 /* libz.1.tbd */ = {isa = PBXFileReference; lastKnownFileType = "sourcecode.text-based-dylib-definition"; name = libz.1.tbd; path = usr/lib/libz.1.tbd; sourceTree = SDKROOT; };
		B40279702851D402000FF140 /* libz.tbd */ = {isa = PBXFileReference; lastKnownFileType = "sourcecode.text-based-dylib-definition"; name = libz.tbd; path = usr/lib/libz.tbd; sourceTree = SDKROOT; };
		B40279712851D402000FF140 /* libz.1.2.5.tbd */ = {isa = PBXFileReference; lastKnownFileType = "sourcecode.text-based-dylib-definition"; name = libz.1.2.5.tbd; path = usr/lib/libz.1.2.5.tbd; sourceTree = SDKROOT; };
/* End PBXFileReference section */

/* Begin PBXFrameworksBuildPhase section */
		B402790928506B38000FF140 /* Frameworks */ = {
			isa = PBXFrameworksBuildPhase;
			buildActionMask = 2147483647;
			files = (
				4842E462B92F047E6118A3D7 /* AppLovinQualityService.xcframework in Frameworks */,
				B40279722851D402000FF140 /* libz.1.2.8.tbd in Frameworks */,
				B40279732851D402000FF140 /* libz.1.2.11.tbd in Frameworks */,
				B40279742851D402000FF140 /* libz.1.1.3.tbd in Frameworks */,
				B40279852851D4B2000FF140 /* CoreMedia.framework in Frameworks */,
				B40279752851D402000FF140 /* libz.1.tbd in Frameworks */,
				B40279972851D4C1000FF140 /* UIKit.framework in Frameworks */,
				B40279762851D402000FF140 /* libz.tbd in Frameworks */,
				B402798B2851D4B8000FF140 /* Foundation.framework in Frameworks */,
				B40279872851D4B3000FF140 /* CoreMotion.framework in Frameworks */,
				B40279772851D402000FF140 /* libz.1.2.5.tbd in Frameworks */,
				B40279952851D4BE000FF140 /* SystemConfiguration.framework in Frameworks */,
				B40279892851D4B5000FF140 /* CoreTelephony.framework in Frameworks */,
				B40279782851D4A7000FF140 /* AdSupport.framework in Frameworks */,
				B40279992851D4C3000FF140 /* WebKit.framework in Frameworks */,
				B40279912851D4BC000FF140 /* StoreKit.framework in Frameworks */,
				B40279812851D4AF000FF140 /* AVFoundation.framework in Frameworks */,
				B402797F2851D4AE000FF140 /* AudioToolbox.framework in Frameworks */,
				B40279832851D4B0000FF140 /* CoreGraphics.framework in Frameworks */,
				B402798D2851D4B9000FF140 /* MessageUI.framework in Frameworks */,
				B402797B2851D4A8000FF140 /* AppLovinSDK.xcframework in Frameworks */,
				B402797D2851D4AA000FF140 /* AppTrackingTransparency.framework in Frameworks */,
				B402798F2851D4BB000FF140 /* SafariServices.framework in Frameworks */,
			);
			runOnlyForDeploymentPostprocessing = 0;
		};
		B402792228506B38000FF140 /* Frameworks */ = {
			isa = PBXFrameworksBuildPhase;
			buildActionMask = 2147483647;
			files = (
			);
			runOnlyForDeploymentPostprocessing = 0;
		};
		B402792C28506B38000FF140 /* Frameworks */ = {
			isa = PBXFrameworksBuildPhase;
			buildActionMask = 2147483647;
			files = (
			);
			runOnlyForDeploymentPostprocessing = 0;
		};
/* End PBXFrameworksBuildPhase section */

/* Begin PBXGroup section */
		634C63C1C2249D8097CD17AB /* AppLovinQualityService */ = {
			isa = PBXGroup;
			children = (
				A826BBB0E25CB5B2062042A0 /* AppLovinQualityService.xcframework */,
			);
			name = AppLovinQualityService;
			sourceTree = "<group>";
		};
		B402790328506B38000FF140 = {
			isa = PBXGroup;
			children = (
				B40279492851D19B000FF140 /* AppLovinSDKResources.bundle */,
				B40279472851D177000FF140 /* AppLovinSDK.xcframework */,
				B402790E28506B38000FF140 /* testMaxSDK */,
				B402792828506B38000FF140 /* testMaxSDKTests */,
				B402793228506B38000FF140 /* testMaxSDKUITests */,
				B402790D28506B38000FF140 /* Products */,
				B402794B2851D34B000FF140 /* Frameworks */,
				634C63C1C2249D8097CD17AB /* AppLovinQualityService */,
			);
			sourceTree = "<group>";
		};
		B402790D28506B38000FF140 /* Products */ = {
			isa = PBXGroup;
			children = (
				B402790C28506B38000FF140 /* testMaxSDK.app */,
				B402792528506B38000FF140 /* testMaxSDKTests.xctest */,
				B402792F28506B38000FF140 /* testMaxSDKUITests.xctest */,
			);
			name = Products;
			sourceTree = "<group>";
		};
		B402790E28506B38000FF140 /* testMaxSDK */ = {
			isa = PBXGroup;
			children = (
				B402790F28506B38000FF140 /* AppDelegate.swift */,
				B402791128506B38000FF140 /* SceneDelegate.swift */,
				B402791328506B38000FF140 /* ViewController.swift */,
				B402791528506B38000FF140 /* Main.storyboard */,
				B402791B28506B38000FF140 /* Assets.xcassets */,
				B402791D28506B38000FF140 /* LaunchScreen.storyboard */,
				B402792028506B38000FF140 /* Info.plist */,
				B402791828506B38000FF140 /* testMaxSDK.xcdatamodeld */,
			);
			path = testMaxSDK;
			sourceTree = "<group>";
		};
		B402792828506B38000FF140 /* testMaxSDKTests */ = {
			isa = PBXGroup;
			children = (
				B402792928506B38000FF140 /* testMaxSDKTests.swift */,
			);
			path = testMaxSDKTests;
			sourceTree = "<group>";
		};
		B402793228506B38000FF140 /* testMaxSDKUITests */ = {
			isa = PBXGroup;
			children = (
				B402793328506B38000FF140 /* testMaxSDKUITests.swift */,
				B402793528506B38000FF140 /* testMaxSDKUITestsLaunchTests.swift */,
			);
			path = testMaxSDKUITests;
			sourceTree = "<group>";
		};
		B402794B2851D34B000FF140 /* Frameworks */ = {
			isa = PBXGroup;
			children = (
				B402796E2851D402000FF140 /* libz.1.1.3.tbd */,
				B40279712851D402000FF140 /* libz.1.2.5.tbd */,
				B402796C2851D402000FF140 /* libz.1.2.8.tbd */,
				B402796D2851D402000FF140 /* libz.1.2.11.tbd */,
				B402796F2851D402000FF140 /* libz.1.tbd */,
				B40279702851D402000FF140 /* libz.tbd */,
				B402796A2851D3E3000FF140 /* WebKit.framework */,
				B40279682851D3DD000FF140 /* UIKit.framework */,
				B40279662851D3D7000FF140 /* SystemConfiguration.framework */,
				B40279622851D3D0000FF140 /* StoreKit.framework */,
				B40279632851D3D0000FF140 /* StoreKitTest.framework */,
				B40279602851D3BD000FF140 /* SafariServices.framework */,
				B402795E2851D394000FF140 /* MessageUI.framework */,
				B402795C2851D38C000FF140 /* Foundation.framework */,
				B402795A2851D383000FF140 /* CoreTelephony.framework */,
				B40279582851D37C000FF140 /* CoreMotion.framework */,
				B40279562851D375000FF140 /* CoreMedia.framework */,
				B40279542851D36E000FF140 /* CoreGraphics.framework */,
				B40279522851D364000FF140 /* AVFoundation.framework */,
				B40279502851D35D000FF140 /* AudioToolbox.framework */,
				B402794E2851D354000FF140 /* AppTrackingTransparency.framework */,
				B402794C2851D34B000FF140 /* AdSupport.framework */,
			);
			name = Frameworks;
			sourceTree = "<group>";
		};
/* End PBXGroup section */

/* Begin PBXNativeTarget section */
		B402790B28506B38000FF140 /* testMaxSDK */ = {
			isa = PBXNativeTarget;
			buildConfigurationList = B402793928506B38000FF140 /* Build configuration list for PBXNativeTarget "testMaxSDK" */;
			buildPhases = (
				29C807794D6C960E73D1944D /* AppLovinQualityService Updater */,
				B402790828506B38000FF140 /* Sources */,
				B402790928506B38000FF140 /* Frameworks */,
				B402790A28506B38000FF140 /* Resources */,
				B13ED846EF02186A593F0008 /* AppLovinQualityService Embed Framework */,
				9C7A28A9DE3C42E4C060C268 /* AppLovinQualityService */,
			);
			buildRules = (
			);
			dependencies = (
			);
			name = testMaxSDK;
			productName = testMaxSDK;
			productReference = B402790C28506B38000FF140 /* testMaxSDK.app */;
			productType = "com.apple.product-type.application";
		};
		B402792428506B38000FF140 /* testMaxSDKTests */ = {
			isa = PBXNativeTarget;
			buildConfigurationList = B402793C28506B38000FF140 /* Build configuration list for PBXNativeTarget "testMaxSDKTests" */;
			buildPhases = (
				B402792128506B38000FF140 /* Sources */,
				B402792228506B38000FF140 /* Frameworks */,
				B402792328506B38000FF140 /* Resources */,
			);
			buildRules = (
			);
			dependencies = (
				B402792728506B38000FF140 /* PBXTargetDependency */,
			);
			name = testMaxSDKTests;
			productName = testMaxSDKTests;
			productReference = B402792528506B38000FF140 /* testMaxSDKTests.xctest */;
			productType = "com.apple.product-type.bundle.unit-test";
		};
		B402792E28506B38000FF140 /* testMaxSDKUITests */ = {
			isa = PBXNativeTarget;
			buildConfigurationList = B402793F28506B38000FF140 /* Build configuration list for PBXNativeTarget "testMaxSDKUITests" */;
			buildPhases = (
				B402792B28506B38000FF140 /* Sources */,
				B402792C28506B38000FF140 /* Frameworks */,
				B402792D28506B38000FF140 /* Resources */,
			);
			buildRules = (
			);
			dependencies = (
				B402793128506B38000FF140 /* PBXTargetDependency */,
			);
			name = testMaxSDKUITests;
			productName = testMaxSDKUITests;
			productReference = B402792F28506B38000FF140 /* testMaxSDKUITests.xctest */;
			productType = "com.apple.product-type.bundle.ui-testing";
		};
/* End PBXNativeTarget section */

/* Begin PBXProject section */
		B402790428506B38000FF140 /* Project object */ = {
			isa = PBXProject;
			attributes = {
				BuildIndependentTargetsInParallel = 1;
				LastSwiftUpdateCheck = 1300;
				LastUpgradeCheck = 1300;
				TargetAttributes = {
					B402790B28506B38000FF140 = {
						CreatedOnToolsVersion = 13.0;
					};
					B402792428506B38000FF140 = {
						CreatedOnToolsVersion = 13.0;
						TestTargetID = B402790B28506B38000FF140;
					};
					B402792E28506B38000FF140 = {
						CreatedOnToolsVersion = 13.0;
						TestTargetID = B402790B28506B38000FF140;
					};
				};
			};
			buildConfigurationList = B402790728506B38000FF140 /* Build configuration list for PBXProject "testMaxSDK" */;
			compatibilityVersion = "Xcode 13.0";
			developmentRegion = en;
			hasScannedForEncodings = 0;
			knownRegions = (
				en,
				Base,
			);
			mainGroup = B402790328506B38000FF140;
			productRefGroup = B402790D28506B38000FF140 /* Products */;
			projectDirPath = "";
			projectRoot = "";
			targets = (
				B402790B28506B38000FF140 /* testMaxSDK */,
				B402792428506B38000FF140 /* testMaxSDKTests */,
				B402792E28506B38000FF140 /* testMaxSDKUITests */,
			);
		};
/* End PBXProject section */

/* Begin PBXResourcesBuildPhase section */
		B402790A28506B38000FF140 /* Resources */ = {
			isa = PBXResourcesBuildPhase;
			buildActionMask = 2147483647;
			files = (
				B402791F28506B38000FF140 /* LaunchScreen.storyboard in Resources */,
				B402791C28506B38000FF140 /* Assets.xcassets in Resources */,
				B402791728506B38000FF140 /* Main.storyboard in Resources */,
				B402794A2851D19B000FF140 /* AppLovinSDKResources.bundle in Resources */,
			);
			runOnlyForDeploymentPostprocessing = 0;
		};
		B402792328506B38000FF140 /* Resources */ = {
			isa = PBXResourcesBuildPhase;
			buildActionMask = 2147483647;
			files = (
			);
			runOnlyForDeploymentPostprocessing = 0;
		};
		B402792D28506B38000FF140 /* Resources */ = {
			isa = PBXResourcesBuildPhase;
			buildActionMask = 2147483647;
			files = (
			);
			runOnlyForDeploymentPostprocessing = 0;
		};
/* End PBXResourcesBuildPhase section */

/* Begin PBXShellScriptBuildPhase section */
		29C807794D6C960E73D1944D /* AppLovinQualityService Updater */ = {
			isa = PBXShellScriptBuildPhase;
			alwaysOutOfDate = 1;
			buildActionMask = 2147483647;
			files = (
			);
			inputPaths = (
			);
			name = "AppLovinQualityService Updater";
			outputPaths = (
				AppLovinQualityService/AppLovinQualityServicePlugin.app,
			);
			runOnlyForDeploymentPostprocessing = 0;
			shellPath = /bin/sh;
			shellScript = "ruby \"AppLovinQualityServiceSetup-ios.rb\" update";
		};
		9C7A28A9DE3C42E4C060C268 /* AppLovinQualityService */ = {
			isa = PBXShellScriptBuildPhase;
			buildActionMask = 2147483647;
			files = (
			);
			inputPaths = (
				AppLovinQualityService/AppLovinQualityServicePlugin.app,
				"$(TARGET_BUILD_DIR)/$(INFOPLIST_PATH)",
				"$(TARGET_BUILD_DIR)/$(EXECUTABLE_PATH)",
				"$(TARGET_BUILD_DIR)/$(FRAMEWORKS_FOLDER_PATH)/UnityFramework.framework/UnityFramework",
			);
			name = AppLovinQualityService;
			outputPaths = (
				"$(TARGET_BUILD_DIR)/$(EXECUTABLE_FOLDER_PATH)/.AppLovinQualityService/AppLovinQualityService.json",
			);
			runOnlyForDeploymentPostprocessing = 0;
			shellPath = /bin/sh;
			shellScript = "AppLovinQualityService/AppLovinQualityServicePlugin.app/Contents/MacOS/AppLovinQualityServicePlugin \"AppLovinQualityServiceSetup-ios.rb\"";
		};
/* End PBXShellScriptBuildPhase section */

/* Begin PBXSourcesBuildPhase section */
		B402790828506B38000FF140 /* Sources */ = {
			isa = PBXSourcesBuildPhase;
			buildActionMask = 2147483647;
			files = (
				B402791428506B38000FF140 /* ViewController.swift in Sources */,
				B402791028506B38000FF140 /* AppDelegate.swift in Sources */,
				B402791228506B38000FF140 /* SceneDelegate.swift in Sources */,
				B402791A28506B38000FF140 /* testMaxSDK.xcdatamodeld in Sources */,
			);
			runOnlyForDeploymentPostprocessing = 0;
		};
		B402792128506B38000FF140 /* Sources */ = {
			isa = PBXSourcesBuildPhase;
			buildActionMask = 2147483647;
			files = (
				B402792A28506B38000FF140 /* testMaxSDKTests.swift in Sources */,
			);
			runOnlyForDeploymentPostprocessing = 0;
		};
		B402792B28506B38000FF140 /* Sources */ = {
			isa = PBXSourcesBuildPhase;
			buildActionMask = 2147483647;
			files = (
				B402793628506B38000FF140 /* testMaxSDKUITestsLaunchTests.swift in Sources */,
				B402793428506B38000FF140 /* testMaxSDKUITests.swift in Sources */,
			);
			runOnlyForDeploymentPostprocessing = 0;
		};
/* End PBXSourcesBuildPhase section */

/* Begin PBXTargetDependency section */
		B402792728506B38000FF140 /* PBXTargetDependency */ = {
			isa = PBXTargetDependency;
			target = B402790B28506B38000FF140 /* testMaxSDK */;
			targetProxy = B402792628506B38000FF140 /* PBXContainerItemProxy */;
		};
		B402793128506B38000FF140 /* PBXTargetDependency */ = {
			isa = PBXTargetDependency;
			target = B402790B28506B38000FF140 /* testMaxSDK */;
			targetProxy = B402793028506B38000FF140 /* PBXContainerItemProxy */;
		};
/* End PBXTargetDependency section */

/* Begin PBXVariantGroup section */
		B402791528506B38000FF140 /* Main.storyboard */ = {
			isa = PBXVariantGroup;
			children = (
				B402791628506B38000FF140 /* Base */,
			);
			name = Main.storyboard;
			sourceTree = "<group>";
		};
		B402791D28506B38000FF140 /* LaunchScreen.storyboard */ = {
			isa = PBXVariantGroup;
			children = (
				B402791E28506B38000FF140 /* Base */,
			);
			name = LaunchScreen.storyboard;
			sourceTree = "<group>";
		};
/* End PBXVariantGroup section */

/* Begin XCBuildConfiguration section */
		B402793728506B38000FF140 /* Debug */ = {
			isa = XCBuildConfiguration;
			buildSettings = {
				ALWAYS_SEARCH_USER_PATHS = NO;
				CLANG_ANALYZER_NONNULL = YES;
				CLANG_ANALYZER_NUMBER_OBJECT_CONVERSION = YES_AGGRESSIVE;
				CLANG_CXX_LANGUAGE_STANDARD = "gnu++17";
				CLANG_CXX_LIBRARY = "libc++";
				CLANG_ENABLE_MODULES = YES;
				CLANG_ENABLE_OBJC_ARC = YES;
				CLANG_ENABLE_OBJC_WEAK = YES;
				CLANG_WARN_BLOCK_CAPTURE_AUTORELEASING = YES;
				CLANG_WARN_BOOL_CONVERSION = YES;
				CLANG_WARN_COMMA = YES;
				CLANG_WARN_CONSTANT_CONVERSION = YES;
				CLANG_WARN_DEPRECATED_OBJC_IMPLEMENTATIONS = YES;
				CLANG_WARN_DIRECT_OBJC_ISA_USAGE = YES_ERROR;
				CLANG_WARN_DOCUMENTATION_COMMENTS = YES;
				CLANG_WARN_EMPTY_BODY = YES;
				CLANG_WARN_ENUM_CONVERSION = YES;
				CLANG_WARN_INFINITE_RECURSION = YES;
				CLANG_WARN_INT_CONVERSION = YES;
				CLANG_WARN_NON_LITERAL_NULL_CONVERSION = YES;
				CLANG_WARN_OBJC_IMPLICIT_RETAIN_SELF = YES;
				CLANG_WARN_OBJC_LITERAL_CONVERSION = YES;
				CLANG_WARN_OBJC_ROOT_CLASS = YES_ERROR;
				CLANG_WARN_QUOTED_INCLUDE_IN_FRAMEWORK_HEADER = YES;
				CLANG_WARN_RANGE_LOOP_ANALYSIS = YES;
				CLANG_WARN_STRICT_PROTOTYPES = YES;
				CLANG_WARN_SUSPICIOUS_MOVE = YES;
				CLANG_WARN_UNGUARDED_AVAILABILITY = YES_AGGRESSIVE;
				CLANG_WARN_UNREACHABLE_CODE = YES;
				CLANG_WARN__DUPLICATE_METHOD_MATCH = YES;
				COPY_PHASE_STRIP = NO;
				DEBUG_INFORMATION_FORMAT = dwarf;
				ENABLE_STRICT_OBJC_MSGSEND = YES;
				ENABLE_TESTABILITY = YES;
				FRAMEWORK_SEARCH_PATHS = (
					"$(inherited)",
					"$(PROJECT_DIR)/AppLovinQualityService",
				);
				GCC_C_LANGUAGE_STANDARD = gnu11;
				GCC_DYNAMIC_NO_PIC = NO;
				GCC_NO_COMMON_BLOCKS = YES;
				GCC_OPTIMIZATION_LEVEL = 0;
				GCC_PREPROCESSOR_DEFINITIONS = (
					"DEBUG=1",
					"$(inherited)",
				);
				GCC_WARN_64_TO_32_BIT_CONVERSION = YES;
				GCC_WARN_ABOUT_RETURN_TYPE = YES_ERROR;
				GCC_WARN_UNDECLARED_SELECTOR = YES;
				GCC_WARN_UNINITIALIZED_AUTOS = YES_AGGRESSIVE;
				GCC_WARN_UNUSED_FUNCTION = YES;
				GCC_WARN_UNUSED_VARIABLE = YES;
				IPHONEOS_DEPLOYMENT_TARGET = 15.0;
				MTL_ENABLE_DEBUG_INFO = INCLUDE_SOURCE;
				MTL_FAST_MATH = YES;
				ONLY_ACTIVE_ARCH = YES;
				OTHER_LDFLAGS = "-ObjC";
				SDKROOT = iphoneos;
				SWIFT_ACTIVE_COMPILATION_CONDITIONS = DEBUG;
				SWIFT_OPTIMIZATION_LEVEL = "-Onone";
			};
			name = Debug;
		};
		B402793828506B38000FF140 /* Release */ = {
			isa = XCBuildConfiguration;
			buildSettings = {
				ALWAYS_SEARCH_USER_PATHS = NO;
				CLANG_ANALYZER_NONNULL = YES;
				CLANG_ANALYZER_NUMBER_OBJECT_CONVERSION = YES_AGGRESSIVE;
				CLANG_CXX_LANGUAGE_STANDARD = "gnu++17";
				CLANG_CXX_LIBRARY = "libc++";
				CLANG_ENABLE_MODULES = YES;
				CLANG_ENABLE_OBJC_ARC = YES;
				CLANG_ENABLE_OBJC_WEAK = YES;
				CLANG_WARN_BLOCK_CAPTURE_AUTORELEASING = YES;
				CLANG_WARN_BOOL_CONVERSION = YES;
				CLANG_WARN_COMMA = YES;
				CLANG_WARN_CONSTANT_CONVERSION = YES;
				CLANG_WARN_DEPRECATED_OBJC_IMPLEMENTATIONS = YES;
				CLANG_WARN_DIRECT_OBJC_ISA_USAGE = YES_ERROR;
				CLANG_WARN_DOCUMENTATION_COMMENTS = YES;
				CLANG_WARN_EMPTY_BODY = YES;
				CLANG_WARN_ENUM_CONVERSION = YES;
				CLANG_WARN_INFINITE_RECURSION = YES;
				CLANG_WARN_INT_CONVERSION = YES;
				CLANG_WARN_NON_LITERAL_NULL_CONVERSION = YES;
				CLANG_WARN_OBJC_IMPLICIT_RETAIN_SELF = YES;
				CLANG_WARN_OBJC_LITERAL_CONVERSION = YES;
				CLANG_WARN_OBJC_ROOT_CLASS = YES_ERROR;
				CLANG_WARN_QUOTED_INCLUDE_IN_FRAMEWORK_HEADER = YES;
				CLANG_WARN_RANGE_LOOP_ANALYSIS = YES;
				CLANG_WARN_STRICT_PROTOTYPES = YES;
				CLANG_WARN_SUSPICIOUS_MOVE = YES;
				CLANG_WARN_UNGUARDED_AVAILABILITY = YES_AGGRESSIVE;
				CLANG_WARN_UNREACHABLE_CODE = YES;
				CLANG_WARN__DUPLICATE_METHOD_MATCH = YES;
				COPY_PHASE_STRIP = NO;
				DEBUG_INFORMATION_FORMAT = "dwarf-with-dsym";
				ENABLE_NS_ASSERTIONS = NO;
				ENABLE_STRICT_OBJC_MSGSEND = YES;
				FRAMEWORK_SEARCH_PATHS = (
					"$(inherited)",
					"$(PROJECT_DIR)/AppLovinQualityService",
				);
				GCC_C_LANGUAGE_STANDARD = gnu11;
				GCC_NO_COMMON_BLOCKS = YES;
				GCC_WARN_64_TO_32_BIT_CONVERSION = YES;
				GCC_WARN_ABOUT_RETURN_TYPE = YES_ERROR;
				GCC_WARN_UNDECLARED_SELECTOR = YES;
				GCC_WARN_UNINITIALIZED_AUTOS = YES_AGGRESSIVE;
				GCC_WARN_UNUSED_FUNCTION = YES;
				GCC_WARN_UNUSED_VARIABLE = YES;
				IPHONEOS_DEPLOYMENT_TARGET = 15.0;
				MTL_ENABLE_DEBUG_INFO = NO;
				MTL_FAST_MATH = YES;
				OTHER_LDFLAGS = "-ObjC";
				SDKROOT = iphoneos;
				SWIFT_COMPILATION_MODE = wholemodule;
				SWIFT_OPTIMIZATION_LEVEL = "-O";
				VALIDATE_PRODUCT = YES;
			};
			name = Release;
		};
		B402793A28506B38000FF140 /* Debug */ = {
			isa = XCBuildConfiguration;
			buildSettings = {
				ASSETCATALOG_COMPILER_APPICON_NAME = AppIcon;
				ASSETCATALOG_COMPILER_GLOBAL_ACCENT_COLOR_NAME = AccentColor;
				CODE_SIGN_STYLE = Automatic;
				CURRENT_PROJECT_VERSION = 1;
				DEVELOPMENT_TEAM = TPPHJL7HG3;
				FRAMEWORK_SEARCH_PATHS = (
					"$(inherited)",
					"$(inherited)",
				);
				GCC_INPUT_FILETYPE = automatic;
				GENERATE_INFOPLIST_FILE = YES;
				INFOPLIST_FILE = testMaxSDK/Info.plist;
				INFOPLIST_KEY_UIApplicationSupportsIndirectInputEvents = YES;
				INFOPLIST_KEY_UILaunchStoryboardName = LaunchScreen;
				INFOPLIST_KEY_UIMainStoryboardFile = Main;
				INFOPLIST_KEY_UISupportedInterfaceOrientations_iPad = "UIInterfaceOrientationPortrait UIInterfaceOrientationPortraitUpsideDown UIInterfaceOrientationLandscapeLeft UIInterfaceOrientationLandscapeRight";
				INFOPLIST_KEY_UISupportedInterfaceOrientations_iPhone = "UIInterfaceOrientationPortrait UIInterfaceOrientationLandscapeLeft UIInterfaceOrientationLandscapeRight";
				LD_RUNPATH_SEARCH_PATHS = (
					"$(inherited)",
					"@executable_path/Frameworks",
				);
				MARKETING_VERSION = 1.0;
				OTHER_LDFLAGS = (
					"",
					"-ObjC",
				);
				PRODUCT_BUNDLE_IDENTIFIER = com.puyue.testMaxSDK;
				PRODUCT_NAME = "$(TARGET_NAME)";
				SWIFT_EMIT_LOC_STRINGS = YES;
				SWIFT_VERSION = 5.0;
				TARGETED_DEVICE_FAMILY = "1,2";
			};
			name = Debug;
		};
		B402793B28506B38000FF140 /* Release */ = {
			isa = XCBuildConfiguration;
			buildSettings = {
				ASSETCATALOG_COMPILER_APPICON_NAME = AppIcon;
				ASSETCATALOG_COMPILER_GLOBAL_ACCENT_COLOR_NAME = AccentColor;
				CODE_SIGN_STYLE = Automatic;
				CURRENT_PROJECT_VERSION = 1;
				DEVELOPMENT_TEAM = TPPHJL7HG3;
				FRAMEWORK_SEARCH_PATHS = (
					"$(inherited)",
					"$(inherited)",
				);
				GCC_INPUT_FILETYPE = automatic;
				GENERATE_INFOPLIST_FILE = YES;
				INFOPLIST_FILE = testMaxSDK/Info.plist;
				INFOPLIST_KEY_UIApplicationSupportsIndirectInputEvents = YES;
				INFOPLIST_KEY_UILaunchStoryboardName = LaunchScreen;
				INFOPLIST_KEY_UIMainStoryboardFile = Main;
				INFOPLIST_KEY_UISupportedInterfaceOrientations_iPad = "UIInterfaceOrientationPortrait UIInterfaceOrientationPortraitUpsideDown UIInterfaceOrientationLandscapeLeft UIInterfaceOrientationLandscapeRight";
				INFOPLIST_KEY_UISupportedInterfaceOrientations_iPhone = "UIInterfaceOrientationPortrait UIInterfaceOrientationLandscapeLeft UIInterfaceOrientationLandscapeRight";
				LD_RUNPATH_SEARCH_PATHS = (
					"$(inherited)",
					"@executable_path/Frameworks",
				);
				MARKETING_VERSION = 1.0;
				OTHER_LDFLAGS = (
					"",
					"-ObjC",
				);
				PRODUCT_BUNDLE_IDENTIFIER = com.puyue.testMaxSDK;
				PRODUCT_NAME = "$(TARGET_NAME)";
				SWIFT_EMIT_LOC_STRINGS = YES;
				SWIFT_VERSION = 5.0;
				TARGETED_DEVICE_FAMILY = "1,2";
			};
			name = Release;
		};
		B402793D28506B38000FF140 /* Debug */ = {
			isa = XCBuildConfiguration;
			buildSettings = {
				ALWAYS_EMBED_SWIFT_STANDARD_LIBRARIES = YES;
				BUNDLE_LOADER = "$(TEST_HOST)";
				CODE_SIGN_STYLE = Automatic;
				CURRENT_PROJECT_VERSION = 1;
				DEVELOPMENT_TEAM = TPPHJL7HG3;
				GENERATE_INFOPLIST_FILE = YES;
				IPHONEOS_DEPLOYMENT_TARGET = 15.0;
				LD_RUNPATH_SEARCH_PATHS = (
					"$(inherited)",
					"@executable_path/Frameworks",
					"@loader_path/Frameworks",
				);
				MARKETING_VERSION = 1.0;
				PRODUCT_BUNDLE_IDENTIFIER = com.puyue.testMaxSDKTests;
				PRODUCT_NAME = "$(TARGET_NAME)";
				SWIFT_EMIT_LOC_STRINGS = NO;
				SWIFT_VERSION = 5.0;
				TARGETED_DEVICE_FAMILY = "1,2";
				TEST_HOST = "$(BUILT_PRODUCTS_DIR)/testMaxSDK.app/testMaxSDK";
			};
			name = Debug;
		};
		B402793E28506B38000FF140 /* Release */ = {
			isa = XCBuildConfiguration;
			buildSettings = {
				ALWAYS_EMBED_SWIFT_STANDARD_LIBRARIES = YES;
				BUNDLE_LOADER = "$(TEST_HOST)";
				CODE_SIGN_STYLE = Automatic;
				CURRENT_PROJECT_VERSION = 1;
				DEVELOPMENT_TEAM = TPPHJL7HG3;
				GENERATE_INFOPLIST_FILE = YES;
				IPHONEOS_DEPLOYMENT_TARGET = 15.0;
				LD_RUNPATH_SEARCH_PATHS = (
					"$(inherited)",
					"@executable_path/Frameworks",
					"@loader_path/Frameworks",
				);
				MARKETING_VERSION = 1.0;
				PRODUCT_BUNDLE_IDENTIFIER = com.puyue.testMaxSDKTests;
				PRODUCT_NAME = "$(TARGET_NAME)";
				SWIFT_EMIT_LOC_STRINGS = NO;
				SWIFT_VERSION = 5.0;
				TARGETED_DEVICE_FAMILY = "1,2";
				TEST_HOST = "$(BUILT_PRODUCTS_DIR)/testMaxSDK.app/testMaxSDK";
			};
			name = Release;
		};
		B402794028506B38000FF140 /* Debug */ = {
			isa = XCBuildConfiguration;
			buildSettings = {
				ALWAYS_EMBED_SWIFT_STANDARD_LIBRARIES = YES;
				CODE_SIGN_STYLE = Automatic;
				CURRENT_PROJECT_VERSION = 1;
				DEVELOPMENT_TEAM = TPPHJL7HG3;
				GENERATE_INFOPLIST_FILE = YES;
				LD_RUNPATH_SEARCH_PATHS = (
					"$(inherited)",
					"@executable_path/Frameworks",
					"@loader_path/Frameworks",
				);
				MARKETING_VERSION = 1.0;
				PRODUCT_BUNDLE_IDENTIFIER = com.puyue.testMaxSDKUITests;
				PRODUCT_NAME = "$(TARGET_NAME)";
				SWIFT_EMIT_LOC_STRINGS = NO;
				SWIFT_VERSION = 5.0;
				TARGETED_DEVICE_FAMILY = "1,2";
				TEST_TARGET_NAME = testMaxSDK;
			};
			name = Debug;
		};
		B402794128506B38000FF140 /* Release */ = {
			isa = XCBuildConfiguration;
			buildSettings = {
				ALWAYS_EMBED_SWIFT_STANDARD_LIBRARIES = YES;
				CODE_SIGN_STYLE = Automatic;
				CURRENT_PROJECT_VERSION = 1;
				DEVELOPMENT_TEAM = TPPHJL7HG3;
				GENERATE_INFOPLIST_FILE = YES;
				LD_RUNPATH_SEARCH_PATHS = (
					"$(inherited)",
					"@executable_path/Frameworks",
					"@loader_path/Frameworks",
				);
				MARKETING_VERSION = 1.0;
				PRODUCT_BUNDLE_IDENTIFIER = com.puyue.testMaxSDKUITests;
				PRODUCT_NAME = "$(TARGET_NAME)";
				SWIFT_EMIT_LOC_STRINGS = NO;
				SWIFT_VERSION = 5.0;
				TARGETED_DEVICE_FAMILY = "1,2";
				TEST_TARGET_NAME = testMaxSDK;
			};
			name = Release;
		};
/* End XCBuildConfiguration section */

/* Begin XCConfigurationList section */
		B402790728506B38000FF140 /* Build configuration list for PBXProject "testMaxSDK" */ = {
			isa = XCConfigurationList;
			buildConfigurations = (
				B402793728506B38000FF140 /* Debug */,
				B402793828506B38000FF140 /* Release */,
			);
			defaultConfigurationIsVisible = 0;
			defaultConfigurationName = Release;
		};
		B402793928506B38000FF140 /* Build configuration list for PBXNativeTarget "testMaxSDK" */ = {
			isa = XCConfigurationList;
			buildConfigurations = (
				B402793A28506B38000FF140 /* Debug */,
				B402793B28506B38000FF140 /* Release */,
			);
			defaultConfigurationIsVisible = 0;
			defaultConfigurationName = Release;
		};
		B402793C28506B38000FF140 /* Build configuration list for PBXNativeTarget "testMaxSDKTests" */ = {
			isa = XCConfigurationList;
			buildConfigurations = (
				B402793D28506B38000FF140 /* Debug */,
				B402793E28506B38000FF140 /* Release */,
			);
			defaultConfigurationIsVisible = 0;
			defaultConfigurationName = Release;
		};
		B402793F28506B38000FF140 /* Build configuration list for PBXNativeTarget "testMaxSDKUITests" */ = {
			isa = XCConfigurationList;
			buildConfigurations = (
				B402794028506B38000FF140 /* Debug */,
				B402794128506B38000FF140 /* Release */,
			);
			defaultConfigurationIsVisible = 0;
			defaultConfigurationName = Release;
		};
/* End XCConfigurationList section */

/* Begin XCVersionGroup section */
		B402791828506B38000FF140 /* testMaxSDK.xcdatamodeld */ = {
			isa = XCVersionGroup;
			children = (
				B402791928506B38000FF140 /* testMaxSDK.xcdatamodel */,
			);
			currentVersion = B402791928506B38000FF140 /* testMaxSDK.xcdatamodel */;
			path = testMaxSDK.xcdatamodeld;
			sourceTree = "<group>";
			versionGroupType = wrapper.xcdatamodel;
		};
/* End XCVersionGroup section */
	};
	rootObject = B402790428506B38000FF140 /* Project object */;
}
